
Microsoft Visual Studio Solution File, Format Version 12.00
# Visual Studio Version 17
VisualStudioVersion = 17.1.32421.90
MinimumVisualStudioVersion = 10.0.40219.1
Project("{8BC9CEB8-8B4A-11D0-8D11-00A0C91BC942}") = "NECS", "NECS\NECS.vcxproj", "{1917504A-64B1-41DC-8850-67EBEE922D50}"
EndProject
Global
	GlobalSection(SolutionConfigurationPlatforms) = preSolution
		Debug|x64 = Debug|x64
		Debug|x86 = Debug|x86
		Release|x64 = Release|x64
		Release|x86 = Release|x86
	EndGlobalSection
	GlobalSection(ProjectConfigurationPlatforms) = postSolution
		{1917504A-64B1-41DC-8850-67EBEE922D50}.Debug|x64.ActiveCfg = Debug|x64
		{1917504A-64B1-41DC-8850-67EBEE922D50}.Debug|x64.Build.0 = Debug|x64
		{1917504A-64B1-41DC-8850-67EBEE922D50}.Debug|x86.ActiveCfg = Debug|Win32
		{1917504A-64B1-41DC-8850-67EBEE922D50}.Debug|x86.Build.0 = Debug|Win32
		{1917504A-64B1-41DC-8850-67EBEE922D50}.Release|x64.ActiveCfg = Release|x64
		{1917504A-64B1-41DC-8850-67EBEE922D50}.Release|x64.Build.0 = Release|x64
		{1917504A-64B1-41DC-8850-67EBEE922D50}.Release|x86.ActiveCfg = Release|Win32
		{1917504A-64B1-41DC-8850-67EBEE922D50}.Release|x86.Build.0 = Release|Win32
	EndGlobalSection
	GlobalSection(SolutionProperties) = preSolution
		HideSolutionNode = FALSE
	EndGlobalSection
	GlobalSection(ExtensibilityGlobals) = postSolution
		SolutionGuid = {D67D62D3-DF42-4BE9-BFD9-156A5032F5B2}
	EndGlobalSection
EndGlobal
